
Microsoft Visual Studio Solution File, Format Version 12.00
# Visual Studio Version 16
VisualStudioVersion = 16.0.30717.126
MinimumVisualStudioVersion = 10.0.40219.1
Project("{FAE04EC0-301F-11D3-BF4B-00C04F79EFBC}") = "Ejercicio13", "Ejercicio13\Ejercicio13.csproj", "{45842F2E-621B-4A3D-9104-F08AE5602AE6}"
EndProject
Project("{FAE04EC0-301F-11D3-BF4B-00C04F79EFBC}") = "ClassLibrary1", "ClassLibrary1\ClassLibrary1.csproj", "{BC8AB75B-E7AC-48E2-A2A0-88486D2A7D48}"
EndProject
Global
	GlobalSection(SolutionConfigurationPlatforms) = preSolution
		Debug|Any CPU = Debug|Any CPU
		Release|Any CPU = Release|Any CPU
	EndGlobalSection
	GlobalSection(ProjectConfigurationPlatforms) = postSolution
		{45842F2E-621B-4A3D-9104-F08AE5602AE6}.Debug|Any CPU.ActiveCfg = Debug|Any CPU
		{45842F2E-621B-4A3D-9104-F08AE5602AE6}.Debug|Any CPU.Build.0 = Debug|Any CPU
		{45842F2E-621B-4A3D-9104-F08AE5602AE6}.Release|Any CPU.ActiveCfg = Release|Any CPU
		{45842F2E-621B-4A3D-9104-F08AE5602AE6}.Release|Any CPU.Build.0 = Release|Any CPU
		{BC8AB75B-E7AC-48E2-A2A0-88486D2A7D48}.Debug|Any CPU.ActiveCfg = Debug|Any CPU
		{BC8AB75B-E7AC-48E2-A2A0-88486D2A7D48}.Debug|Any CPU.Build.0 = Debug|Any CPU
		{BC8AB75B-E7AC-48E2-A2A0-88486D2A7D48}.Release|Any CPU.ActiveCfg = Release|Any CPU
		{BC8AB75B-E7AC-48E2-A2A0-88486D2A7D48}.Release|Any CPU.Build.0 = Release|Any CPU
	EndGlobalSection
	GlobalSection(SolutionProperties) = preSolution
		HideSolutionNode = FALSE
	EndGlobalSection
	GlobalSection(ExtensibilityGlobals) = postSolution
		SolutionGuid = {7761553D-5BB6-41E1-9E2A-D6A806D5C0E4}
	EndGlobalSection
EndGlobal
