
Microsoft Visual Studio Solution File, Format Version 12.00
# Visual Studio Version 16
VisualStudioVersion = 16.0.30717.126
MinimumVisualStudioVersion = 10.0.40219.1
Project("{FAE04EC0-301F-11D3-BF4B-00C04F79EFBC}") = "Ejercicio20", "Ejercicio20\Ejercicio20.csproj", "{500CD3D0-FFF6-434A-9B61-5CF465939065}"
EndProject
Project("{FAE04EC0-301F-11D3-BF4B-00C04F79EFBC}") = "Biblioteca", "Biblioteca\Biblioteca.csproj", "{412A2372-A4AC-4AB9-8297-C2D7541A7AEC}"
EndProject
Global
	GlobalSection(SolutionConfigurationPlatforms) = preSolution
		Debug|Any CPU = Debug|Any CPU
		Release|Any CPU = Release|Any CPU
	EndGlobalSection
	GlobalSection(ProjectConfigurationPlatforms) = postSolution
		{500CD3D0-FFF6-434A-9B61-5CF465939065}.Debug|Any CPU.ActiveCfg = Debug|Any CPU
		{500CD3D0-FFF6-434A-9B61-5CF465939065}.Debug|Any CPU.Build.0 = Debug|Any CPU
		{500CD3D0-FFF6-434A-9B61-5CF465939065}.Release|Any CPU.ActiveCfg = Release|Any CPU
		{500CD3D0-FFF6-434A-9B61-5CF465939065}.Release|Any CPU.Build.0 = Release|Any CPU
		{412A2372-A4AC-4AB9-8297-C2D7541A7AEC}.Debug|Any CPU.ActiveCfg = Debug|Any CPU
		{412A2372-A4AC-4AB9-8297-C2D7541A7AEC}.Debug|Any CPU.Build.0 = Debug|Any CPU
		{412A2372-A4AC-4AB9-8297-C2D7541A7AEC}.Release|Any CPU.ActiveCfg = Release|Any CPU
		{412A2372-A4AC-4AB9-8297-C2D7541A7AEC}.Release|Any CPU.Build.0 = Release|Any CPU
	EndGlobalSection
	GlobalSection(SolutionProperties) = preSolution
		HideSolutionNode = FALSE
	EndGlobalSection
	GlobalSection(ExtensibilityGlobals) = postSolution
		SolutionGuid = {BA6705B7-0923-47FE-B99F-2CD6A9E3CFBA}
	EndGlobalSection
EndGlobal
