
Microsoft Visual Studio Solution File, Format Version 12.00
# Visual Studio Version 16
VisualStudioVersion = 16.0.30717.126
MinimumVisualStudioVersion = 10.0.40219.1
Project("{FAE04EC0-301F-11D3-BF4B-00C04F79EFBC}") = "Ejercicio11", "Clase2\Ejercicio11.csproj", "{4BA5C6B7-2359-4F52-8130-33CFFE3B43BE}"
EndProject
Project("{FAE04EC0-301F-11D3-BF4B-00C04F79EFBC}") = "ClassLibrary1", "ClassLibrary1\ClassLibrary1.csproj", "{58329B54-85AB-44C3-8242-466D2CF9A112}"
EndProject
Global
	GlobalSection(SolutionConfigurationPlatforms) = preSolution
		Debug|Any CPU = Debug|Any CPU
		Release|Any CPU = Release|Any CPU
	EndGlobalSection
	GlobalSection(ProjectConfigurationPlatforms) = postSolution
		{4BA5C6B7-2359-4F52-8130-33CFFE3B43BE}.Debug|Any CPU.ActiveCfg = Debug|Any CPU
		{4BA5C6B7-2359-4F52-8130-33CFFE3B43BE}.Debug|Any CPU.Build.0 = Debug|Any CPU
		{4BA5C6B7-2359-4F52-8130-33CFFE3B43BE}.Release|Any CPU.ActiveCfg = Release|Any CPU
		{4BA5C6B7-2359-4F52-8130-33CFFE3B43BE}.Release|Any CPU.Build.0 = Release|Any CPU
		{58329B54-85AB-44C3-8242-466D2CF9A112}.Debug|Any CPU.ActiveCfg = Debug|Any CPU
		{58329B54-85AB-44C3-8242-466D2CF9A112}.Debug|Any CPU.Build.0 = Debug|Any CPU
		{58329B54-85AB-44C3-8242-466D2CF9A112}.Release|Any CPU.ActiveCfg = Release|Any CPU
		{58329B54-85AB-44C3-8242-466D2CF9A112}.Release|Any CPU.Build.0 = Release|Any CPU
	EndGlobalSection
	GlobalSection(SolutionProperties) = preSolution
		HideSolutionNode = FALSE
	EndGlobalSection
	GlobalSection(ExtensibilityGlobals) = postSolution
		SolutionGuid = {DBB00FA3-FF47-4EE4-A0CE-7BC604C2A499}
	EndGlobalSection
EndGlobal
