
Microsoft Visual Studio Solution File, Format Version 12.00
# Visual Studio Version 16
VisualStudioVersion = 16.0.30717.126
MinimumVisualStudioVersion = 10.0.40219.1
Project("{FAE04EC0-301F-11D3-BF4B-00C04F79EFBC}") = "EjercicioIntegradorClase5", "EjercicioIntegradorClase5\EjercicioIntegradorClase5.csproj", "{6797E1A3-0388-469D-BA07-8F8405E2E306}"
EndProject
Project("{FAE04EC0-301F-11D3-BF4B-00C04F79EFBC}") = "Libreria", "Producto\Libreria.csproj", "{38F8FAFB-9777-4F33-BFB8-D8AEB9A8B626}"
EndProject
Global
	GlobalSection(SolutionConfigurationPlatforms) = preSolution
		Debug|Any CPU = Debug|Any CPU
		Release|Any CPU = Release|Any CPU
	EndGlobalSection
	GlobalSection(ProjectConfigurationPlatforms) = postSolution
		{6797E1A3-0388-469D-BA07-8F8405E2E306}.Debug|Any CPU.ActiveCfg = Debug|Any CPU
		{6797E1A3-0388-469D-BA07-8F8405E2E306}.Debug|Any CPU.Build.0 = Debug|Any CPU
		{6797E1A3-0388-469D-BA07-8F8405E2E306}.Release|Any CPU.ActiveCfg = Release|Any CPU
		{6797E1A3-0388-469D-BA07-8F8405E2E306}.Release|Any CPU.Build.0 = Release|Any CPU
		{38F8FAFB-9777-4F33-BFB8-D8AEB9A8B626}.Debug|Any CPU.ActiveCfg = Debug|Any CPU
		{38F8FAFB-9777-4F33-BFB8-D8AEB9A8B626}.Debug|Any CPU.Build.0 = Debug|Any CPU
		{38F8FAFB-9777-4F33-BFB8-D8AEB9A8B626}.Release|Any CPU.ActiveCfg = Release|Any CPU
		{38F8FAFB-9777-4F33-BFB8-D8AEB9A8B626}.Release|Any CPU.Build.0 = Release|Any CPU
	EndGlobalSection
	GlobalSection(SolutionProperties) = preSolution
		HideSolutionNode = FALSE
	EndGlobalSection
	GlobalSection(ExtensibilityGlobals) = postSolution
		SolutionGuid = {C5CC1175-F33B-44F3-B670-E42344A44CC1}
	EndGlobalSection
EndGlobal
